
Microsoft Visual Studio Solution File, Format Version 12.00
# Visual Studio Version 16
VisualStudioVersion = 25.0.1703.5
MinimumVisualStudioVersion = 10.0.40219.1
Project("{FAE04EC0-301F-11D3-BF4B-00C04F79EFBC}") = "MatrixClass", "MatrixClass\MatrixClass.csproj", "{0F7872EF-AA45-4D86-973B-01F641E7D834}"
EndProject
Project("{FAE04EC0-301F-11D3-BF4B-00C04F79EFBC}") = "ConsoleInterface", "ConsoleInterface\ConsoleInterface.csproj", "{8BC454CD-DA6E-4C71-8315-8F2F3A06993E}"
EndProject
Project("{FAE04EC0-301F-11D3-BF4B-00C04F79EFBC}") = "MatrixTests", "MatrixTests\MatrixTests.csproj", "{E6F43EDD-C6C8-436A-A46C-0ACAF319EF0B}"
EndProject
Global
	GlobalSection(SolutionConfigurationPlatforms) = preSolution
		Debug|Any CPU = Debug|Any CPU
		Release|Any CPU = Release|Any CPU
	EndGlobalSection
	GlobalSection(ProjectConfigurationPlatforms) = postSolution
		{0F7872EF-AA45-4D86-973B-01F641E7D834}.Debug|Any CPU.ActiveCfg = Debug|Any CPU
		{0F7872EF-AA45-4D86-973B-01F641E7D834}.Debug|Any CPU.Build.0 = Debug|Any CPU
		{0F7872EF-AA45-4D86-973B-01F641E7D834}.Release|Any CPU.ActiveCfg = Release|Any CPU
		{0F7872EF-AA45-4D86-973B-01F641E7D834}.Release|Any CPU.Build.0 = Release|Any CPU
		{8BC454CD-DA6E-4C71-8315-8F2F3A06993E}.Debug|Any CPU.ActiveCfg = Debug|Any CPU
		{8BC454CD-DA6E-4C71-8315-8F2F3A06993E}.Debug|Any CPU.Build.0 = Debug|Any CPU
		{8BC454CD-DA6E-4C71-8315-8F2F3A06993E}.Release|Any CPU.ActiveCfg = Release|Any CPU
		{8BC454CD-DA6E-4C71-8315-8F2F3A06993E}.Release|Any CPU.Build.0 = Release|Any CPU
		{E6F43EDD-C6C8-436A-A46C-0ACAF319EF0B}.Debug|Any CPU.ActiveCfg = Debug|Any CPU
		{E6F43EDD-C6C8-436A-A46C-0ACAF319EF0B}.Debug|Any CPU.Build.0 = Debug|Any CPU
		{E6F43EDD-C6C8-436A-A46C-0ACAF319EF0B}.Release|Any CPU.ActiveCfg = Release|Any CPU
		{E6F43EDD-C6C8-436A-A46C-0ACAF319EF0B}.Release|Any CPU.Build.0 = Release|Any CPU
	EndGlobalSection
	GlobalSection(SolutionProperties) = preSolution
		HideSolutionNode = FALSE
	EndGlobalSection
	GlobalSection(ExtensibilityGlobals) = postSolution
		SolutionGuid = {70AB515E-8305-4E90-B6C7-A9C4031F5A06}
	EndGlobalSection
EndGlobal
